// !$*UTF8*$!
{
	archiveVersion = 1;
	classes = {
	};
	objectVersion = 70;
	objects = {

/* Begin PBXBuildFile section */
		DC0842A927FA479600999507 /* FontPicker.swift in Sources */ = {isa = PBXBuildFile; fileRef = DC0842A827FA479600999507 /* FontPicker.swift */; };
		DC62B82627AA353400F2F109 /* SystemBadgeApp.swift in Sources */ = {isa = PBXBuildFile; fileRef = DC62B82527AA353400F2F109 /* SystemBadgeApp.swift */; };
		DC62B82A27AA353700F2F109 /* Assets.xcassets in Resources */ = {isa = PBXBuildFile; fileRef = DC62B82927AA353700F2F109 /* Assets.xcassets */; };
		DC62B82D27AA353700F2F109 /* Preview Assets.xcassets in Resources */ = {isa = PBXBuildFile; fileRef = DC62B82C27AA353700F2F109 /* Preview Assets.xcassets */; };
		DC62B83927AA355F00F2F109 /* AppDelegate.swift in Sources */ = {isa = PBXBuildFile; fileRef = DC62B83827AA355F00F2F109 /* AppDelegate.swift */; };
		DC62B83A27AA383200F2F109 /* ContentView.swift in Sources */ = {isa = PBXBuildFile; fileRef = DC62B83727AA354B00F2F109 /* ContentView.swift */; };
		DC62B83D27AA385A00F2F109 /* StatusInfo.swift in Sources */ = {isa = PBXBuildFile; fileRef = DC62B83C27AA385A00F2F109 /* StatusInfo.swift */; };
		DC62B83E27AA387D00F2F109 /* TextViews.swift in Sources */ = {isa = PBXBuildFile; fileRef = DC62B83527AA354B00F2F109 /* TextViews.swift */; };
		DC62B83F27AA388100F2F109 /* StatusEntryView.swift in Sources */ = {isa = PBXBuildFile; fileRef = DC62B83627AA354B00F2F109 /* StatusEntryView.swift */; };
		DCADF32E27E6C42500B5D18F /* PreferencesView.swift in Sources */ = {isa = PBXBuildFile; fileRef = DCADF32D27E6C42500B5D18F /* PreferencesView.swift */; };
		DCD1EF3F27B21E8000385E55 /* enhanced_dot_digital-7.ttf in Resources */ = {isa = PBXBuildFile; fileRef = DCD1EF3E27B21D3300385E55 /* enhanced_dot_digital-7.ttf */; };
		DCD1EF4027B21E8000385E55 /* GAS_____.TTF in Resources */ = {isa = PBXBuildFile; fileRef = DCD1EF3C27B21C0500385E55 /* GAS_____.TTF */; };
		DCD1EF4127B21E8000385E55 /* minisystem.ttf in Resources */ = {isa = PBXBuildFile; fileRef = DCD1EF3A27B21C0500385E55 /* minisystem.ttf */; };
		DCD1EF4227B21E8000385E55 /* MobileFont.ttf in Resources */ = {isa = PBXBuildFile; fileRef = DCD1EF3927B21C0500385E55 /* MobileFont.ttf */; };
		DCD1EF4327B21E8000385E55 /* led_counter-7.ttf in Resources */ = {isa = PBXBuildFile; fileRef = DCD1EF3D27B21C0500385E55 /* led_counter-7.ttf */; };
		DCD1EF4427B21E8000385E55 /* led_counter-7_italic.ttf in Resources */ = {isa = PBXBuildFile; fileRef = DCD1EF3B27B21C0500385E55 /* led_counter-7_italic.ttf */; };
/* End PBXBuildFile section */

/* Begin PBXFileReference section */
		DC0842A827FA479600999507 /* FontPicker.swift */ = {isa = PBXFileReference; lastKnownFileType = sourcecode.swift; path = FontPicker.swift; sourceTree = "<group>"; };
		DC62B82227AA353400F2F109 /* SystemBadge.app */ = {isa = PBXFileReference; explicitFileType = wrapper.application; includeInIndex = 0; path = SystemBadge.app; sourceTree = BUILT_PRODUCTS_DIR; };
		DC62B82527AA353400F2F109 /* SystemBadgeApp.swift */ = {isa = PBXFileReference; lastKnownFileType = sourcecode.swift; path = SystemBadgeApp.swift; sourceTree = "<group>"; };
		DC62B82927AA353700F2F109 /* Assets.xcassets */ = {isa = PBXFileReference; lastKnownFileType = folder.assetcatalog; path = Assets.xcassets; sourceTree = "<group>"; };
		DC62B82C27AA353700F2F109 /* Preview Assets.xcassets */ = {isa = PBXFileReference; lastKnownFileType = folder.assetcatalog; path = "Preview Assets.xcassets"; sourceTree = "<group>"; };
		DC62B82E27AA353700F2F109 /* SystemBadge.entitlements */ = {isa = PBXFileReference; lastKnownFileType = text.plist.entitlements; path = SystemBadge.entitlements; sourceTree = "<group>"; };
		DC62B83527AA354B00F2F109 /* TextViews.swift */ = {isa = PBXFileReference; lastKnownFileType = sourcecode.swift; path = TextViews.swift; sourceTree = "<group>"; };
		DC62B83627AA354B00F2F109 /* StatusEntryView.swift */ = {isa = PBXFileReference; lastKnownFileType = sourcecode.swift; path = StatusEntryView.swift; sourceTree = "<group>"; };
		DC62B83727AA354B00F2F109 /* ContentView.swift */ = {isa = PBXFileReference; lastKnownFileType = sourcecode.swift; path = ContentView.swift; sourceTree = "<group>"; };
		DC62B83827AA355F00F2F109 /* AppDelegate.swift */ = {isa = PBXFileReference; fileEncoding = 4; lastKnownFileType = sourcecode.swift; path = AppDelegate.swift; sourceTree = "<group>"; };
		DC62B83C27AA385A00F2F109 /* StatusInfo.swift */ = {isa = PBXFileReference; fileEncoding = 4; lastKnownFileType = sourcecode.swift; path = StatusInfo.swift; sourceTree = "<group>"; };
		DCADF32D27E6C42500B5D18F /* PreferencesView.swift */ = {isa = PBXFileReference; lastKnownFileType = sourcecode.swift; path = PreferencesView.swift; sourceTree = "<group>"; };
		DCD1EF3927B21C0500385E55 /* MobileFont.ttf */ = {isa = PBXFileReference; lastKnownFileType = file; path = MobileFont.ttf; sourceTree = "<group>"; };
		DCD1EF3A27B21C0500385E55 /* minisystem.ttf */ = {isa = PBXFileReference; lastKnownFileType = file; path = minisystem.ttf; sourceTree = "<group>"; };
		DCD1EF3B27B21C0500385E55 /* led_counter-7_italic.ttf */ = {isa = PBXFileReference; lastKnownFileType = file; path = "led_counter-7_italic.ttf"; sourceTree = "<group>"; };
		DCD1EF3C27B21C0500385E55 /* GAS_____.TTF */ = {isa = PBXFileReference; lastKnownFileType = file; path = "GAS_____.TTF"; sourceTree = "<group>"; };
		DCD1EF3D27B21C0500385E55 /* led_counter-7.ttf */ = {isa = PBXFileReference; lastKnownFileType = file; path = "led_counter-7.ttf"; sourceTree = "<group>"; };
		DCD1EF3E27B21D3300385E55 /* enhanced_dot_digital-7.ttf */ = {isa = PBXFileReference; lastKnownFileType = file; path = "enhanced_dot_digital-7.ttf"; sourceTree = "<group>"; };
		DCD1EF4527B2215A00385E55 /* Info.plist */ = {isa = PBXFileReference; lastKnownFileType = text.plist; path = Info.plist; sourceTree = "<group>"; };
/* End PBXFileReference section */

/* Begin PBXFileSystemSynchronizedRootGroup section */
		DCE8F34F2E8097A3002D46A0 /* Shared */ = {isa = PBXFileSystemSynchronizedRootGroup; explicitFileTypes = {}; explicitFolders = (); path = Shared; sourceTree = "<group>"; };
/* End PBXFileSystemSynchronizedRootGroup section */

/* Begin PBXFrameworksBuildPhase section */
		DC62B81F27AA353400F2F109 /* Frameworks */ = {
			isa = PBXFrameworksBuildPhase;
			buildActionMask = 2147483647;
			files = (
			);
			runOnlyForDeploymentPostprocessing = 0;
		};
/* End PBXFrameworksBuildPhase section */

/* Begin PBXGroup section */
		DC62B81927AA353400F2F109 = {
			isa = PBXGroup;
			children = (
				DC62B82427AA353400F2F109 /* SystemBadge */,
				DC62B82327AA353400F2F109 /* Products */,
			);
			sourceTree = "<group>";
		};
		DC62B82327AA353400F2F109 /* Products */ = {
			isa = PBXGroup;
			children = (
				DC62B82227AA353400F2F109 /* SystemBadge.app */,
			);
			name = Products;
			sourceTree = "<group>";
		};
		DC62B82427AA353400F2F109 /* SystemBadge */ = {
			isa = PBXGroup;
			children = (
				DCE8F34F2E8097A3002D46A0 /* Shared */,
				DCD1EF4527B2215A00385E55 /* Info.plist */,
				DCD1EF3827B21BDC00385E55 /* Fonts */,
				DC62B82527AA353400F2F109 /* SystemBadgeApp.swift */,
				DC62B83827AA355F00F2F109 /* AppDelegate.swift */,
				DC62B83B27AA385A00F2F109 /* Models */,
				DC62B83427AA354B00F2F109 /* Views */,
				DC62B82927AA353700F2F109 /* Assets.xcassets */,
				DC62B82E27AA353700F2F109 /* SystemBadge.entitlements */,
				DC62B82B27AA353700F2F109 /* Preview Content */,
			);
			path = SystemBadge;
			sourceTree = "<group>";
		};
		DC62B82B27AA353700F2F109 /* Preview Content */ = {
			isa = PBXGroup;
			children = (
				DC62B82C27AA353700F2F109 /* Preview Assets.xcassets */,
			);
			path = "Preview Content";
			sourceTree = "<group>";
		};
		DC62B83427AA354B00F2F109 /* Views */ = {
			isa = PBXGroup;
			children = (
				DC62B83627AA354B00F2F109 /* StatusEntryView.swift */,
				DC62B83727AA354B00F2F109 /* ContentView.swift */,
				DC62B83527AA354B00F2F109 /* TextViews.swift */,
				DCADF32D27E6C42500B5D18F /* PreferencesView.swift */,
				DC0842A827FA479600999507 /* FontPicker.swift */,
			);
			path = Views;
			sourceTree = "<group>";
		};
		DC62B83B27AA385A00F2F109 /* Models */ = {
			isa = PBXGroup;
			children = (
				DC62B83C27AA385A00F2F109 /* StatusInfo.swift */,
			);
			path = Models;
			sourceTree = "<group>";
		};
		DCD1EF3827B21BDC00385E55 /* Fonts */ = {
			isa = PBXGroup;
			children = (
				DCD1EF3E27B21D3300385E55 /* enhanced_dot_digital-7.ttf */,
				DCD1EF3C27B21C0500385E55 /* GAS_____.TTF */,
				DCD1EF3B27B21C0500385E55 /* led_counter-7_italic.ttf */,
				DCD1EF3D27B21C0500385E55 /* led_counter-7.ttf */,
				DCD1EF3A27B21C0500385E55 /* minisystem.ttf */,
				DCD1EF3927B21C0500385E55 /* MobileFont.ttf */,
			);
			path = Fonts;
			sourceTree = "<group>";
		};
/* End PBXGroup section */

/* Begin PBXNativeTarget section */
		DC62B82127AA353400F2F109 /* SystemBadge */ = {
			isa = PBXNativeTarget;
			buildConfigurationList = DC62B83127AA353700F2F109 /* Build configuration list for PBXNativeTarget "SystemBadge" */;
			buildPhases = (
				DC62B81E27AA353400F2F109 /* Sources */,
				DC62B81F27AA353400F2F109 /* Frameworks */,
				DC62B82027AA353400F2F109 /* Resources */,
			);
			buildRules = (
			);
			dependencies = (
			);
			fileSystemSynchronizedGroups = (
				DCE8F34F2E8097A3002D46A0 /* Shared */,
			);
			name = SystemBadge;
			productName = SystemBadge;
			productReference = DC62B82227AA353400F2F109 /* SystemBadge.app */;
			productType = "com.apple.product-type.application";
		};
/* End PBXNativeTarget section */

/* Begin PBXProject section */
		DC62B81A27AA353400F2F109 /* Project object */ = {
			isa = PBXProject;
			attributes = {
				BuildIndependentTargetsInParallel = 1;
				LastSwiftUpdateCheck = 1320;
				LastUpgradeCheck = 2600;
				TargetAttributes = {
					DC62B82127AA353400F2F109 = {
						CreatedOnToolsVersion = 13.2.1;
					};
				};
			};
			buildConfigurationList = DC62B81D27AA353400F2F109 /* Build configuration list for PBXProject "SystemBadge" */;
			compatibilityVersion = "Xcode 13.0";
			developmentRegion = en;
			hasScannedForEncodings = 0;
			knownRegions = (
				en,
				Base,
			);
			mainGroup = DC62B81927AA353400F2F109;
			productRefGroup = DC62B82327AA353400F2F109 /* Products */;
			projectDirPath = "";
			projectRoot = "";
			targets = (
				DC62B82127AA353400F2F109 /* SystemBadge */,
			);
		};
/* End PBXProject section */

/* Begin PBXResourcesBuildPhase section */
		DC62B82027AA353400F2F109 /* Resources */ = {
			isa = PBXResourcesBuildPhase;
			buildActionMask = 2147483647;
			files = (
				DCD1EF3F27B21E8000385E55 /* enhanced_dot_digital-7.ttf in Resources */,
				DCD1EF4427B21E8000385E55 /* led_counter-7_italic.ttf in Resources */,
				DCD1EF4227B21E8000385E55 /* MobileFont.ttf in Resources */,
				DC62B82D27AA353700F2F109 /* Preview Assets.xcassets in Resources */,
				DCD1EF4127B21E8000385E55 /* minisystem.ttf in Resources */,
				DCD1EF4327B21E8000385E55 /* led_counter-7.ttf in Resources */,
				DCD1EF4027B21E8000385E55 /* GAS_____.TTF in Resources */,
				DC62B82A27AA353700F2F109 /* Assets.xcassets in Resources */,
			);
			runOnlyForDeploymentPostprocessing = 0;
		};
/* End PBXResourcesBuildPhase section */

/* Begin PBXSourcesBuildPhase section */
		DC62B81E27AA353400F2F109 /* Sources */ = {
			isa = PBXSourcesBuildPhase;
			buildActionMask = 2147483647;
			files = (
				DC62B83927AA355F00F2F109 /* AppDelegate.swift in Sources */,
				DC62B82627AA353400F2F109 /* SystemBadgeApp.swift in Sources */,
				DC62B83A27AA383200F2F109 /* ContentView.swift in Sources */,
				DC62B83F27AA388100F2F109 /* StatusEntryView.swift in Sources */,
				DC62B83E27AA387D00F2F109 /* TextViews.swift in Sources */,
				DC62B83D27AA385A00F2F109 /* StatusInfo.swift in Sources */,
				DCADF32E27E6C42500B5D18F /* PreferencesView.swift in Sources */,
				DC0842A927FA479600999507 /* FontPicker.swift in Sources */,
			);
			runOnlyForDeploymentPostprocessing = 0;
		};
/* End PBXSourcesBuildPhase section */

/* Begin XCBuildConfiguration section */
		DC62B82F27AA353700F2F109 /* Debug */ = {
			isa = XCBuildConfiguration;
			buildSettings = {
				ALWAYS_SEARCH_USER_PATHS = NO;
				CLANG_ANALYZER_NONNULL = YES;
				CLANG_ANALYZER_NUMBER_OBJECT_CONVERSION = YES_AGGRESSIVE;
				CLANG_CXX_LANGUAGE_STANDARD = "gnu++17";
				CLANG_CXX_LIBRARY = "libc++";
				CLANG_ENABLE_MODULES = YES;
				CLANG_ENABLE_OBJC_ARC = YES;
				CLANG_ENABLE_OBJC_WEAK = YES;
				CLANG_WARN_BLOCK_CAPTURE_AUTORELEASING = YES;
				CLANG_WARN_BOOL_CONVERSION = YES;
				CLANG_WARN_COMMA = YES;
				CLANG_WARN_CONSTANT_CONVERSION = YES;
				CLANG_WARN_DEPRECATED_OBJC_IMPLEMENTATIONS = YES;
				CLANG_WARN_DIRECT_OBJC_ISA_USAGE = YES_ERROR;
				CLANG_WARN_DOCUMENTATION_COMMENTS = YES;
				CLANG_WARN_EMPTY_BODY = YES;
				CLANG_WARN_ENUM_CONVERSION = YES;
				CLANG_WARN_INFINITE_RECURSION = YES;
				CLANG_WARN_INT_CONVERSION = YES;
				CLANG_WARN_NON_LITERAL_NULL_CONVERSION = YES;
				CLANG_WARN_OBJC_IMPLICIT_RETAIN_SELF = YES;
				CLANG_WARN_OBJC_LITERAL_CONVERSION = YES;
				CLANG_WARN_OBJC_ROOT_CLASS = YES_ERROR;
				CLANG_WARN_QUOTED_INCLUDE_IN_FRAMEWORK_HEADER = YES;
				CLANG_WARN_RANGE_LOOP_ANALYSIS = YES;
				CLANG_WARN_STRICT_PROTOTYPES = YES;
				CLANG_WARN_SUSPICIOUS_MOVE = YES;
				CLANG_WARN_UNGUARDED_AVAILABILITY = YES_AGGRESSIVE;
				CLANG_WARN_UNREACHABLE_CODE = YES;
				CLANG_WARN__DUPLICATE_METHOD_MATCH = YES;
				COPY_PHASE_STRIP = NO;
				DEAD_CODE_STRIPPING = YES;
				DEBUG_INFORMATION_FORMAT = dwarf;
				DEVELOPMENT_TEAM = KSUDAEZGD3;
				ENABLE_STRICT_OBJC_MSGSEND = YES;
				ENABLE_TESTABILITY = YES;
				ENABLE_USER_SCRIPT_SANDBOXING = YES;
				GCC_C_LANGUAGE_STANDARD = gnu11;
				GCC_DYNAMIC_NO_PIC = NO;
				GCC_NO_COMMON_BLOCKS = YES;
				GCC_OPTIMIZATION_LEVEL = 0;
				GCC_PREPROCESSOR_DEFINITIONS = (
					"DEBUG=1",
					"$(inherited)",
				);
				GCC_WARN_64_TO_32_BIT_CONVERSION = YES;
				GCC_WARN_ABOUT_RETURN_TYPE = YES_ERROR;
				GCC_WARN_UNDECLARED_SELECTOR = YES;
				GCC_WARN_UNINITIALIZED_AUTOS = YES_AGGRESSIVE;
				GCC_WARN_UNUSED_FUNCTION = YES;
				GCC_WARN_UNUSED_VARIABLE = YES;
				MACOSX_DEPLOYMENT_TARGET = 12.1;
				MTL_ENABLE_DEBUG_INFO = INCLUDE_SOURCE;
				MTL_FAST_MATH = YES;
				ONLY_ACTIVE_ARCH = YES;
				SDKROOT = macosx;
				STRING_CATALOG_GENERATE_SYMBOLS = YES;
				SWIFT_ACTIVE_COMPILATION_CONDITIONS = DEBUG;
				SWIFT_OPTIMIZATION_LEVEL = "-Onone";
			};
			name = Debug;
		};
		DC62B83027AA353700F2F109 /* Release */ = {
			isa = XCBuildConfiguration;
			buildSettings = {
				ALWAYS_SEARCH_USER_PATHS = NO;
				CLANG_ANALYZER_NONNULL = YES;
				CLANG_ANALYZER_NUMBER_OBJECT_CONVERSION = YES_AGGRESSIVE;
				CLANG_CXX_LANGUAGE_STANDARD = "gnu++17";
				CLANG_CXX_LIBRARY = "libc++";
				CLANG_ENABLE_MODULES = YES;
				CLANG_ENABLE_OBJC_ARC = YES;
				CLANG_ENABLE_OBJC_WEAK = YES;
				CLANG_WARN_BLOCK_CAPTURE_AUTORELEASING = YES;
				CLANG_WARN_BOOL_CONVERSION = YES;
				CLANG_WARN_COMMA = YES;
				CLANG_WARN_CONSTANT_CONVERSION = YES;
				CLANG_WARN_DEPRECATED_OBJC_IMPLEMENTATIONS = YES;
				CLANG_WARN_DIRECT_OBJC_ISA_USAGE = YES_ERROR;
				CLANG_WARN_DOCUMENTATION_COMMENTS = YES;
				CLANG_WARN_EMPTY_BODY = YES;
				CLANG_WARN_ENUM_CONVERSION = YES;
				CLANG_WARN_INFINITE_RECURSION = YES;
				CLANG_WARN_INT_CONVERSION = YES;
				CLANG_WARN_NON_LITERAL_NULL_CONVERSION = YES;
				CLANG_WARN_OBJC_IMPLICIT_RETAIN_SELF = YES;
				CLANG_WARN_OBJC_LITERAL_CONVERSION = YES;
				CLANG_WARN_OBJC_ROOT_CLASS = YES_ERROR;
				CLANG_WARN_QUOTED_INCLUDE_IN_FRAMEWORK_HEADER = YES;
				CLANG_WARN_RANGE_LOOP_ANALYSIS = YES;
				CLANG_WARN_STRICT_PROTOTYPES = YES;
				CLANG_WARN_SUSPICIOUS_MOVE = YES;
				CLANG_WARN_UNGUARDED_AVAILABILITY = YES_AGGRESSIVE;
				CLANG_WARN_UNREACHABLE_CODE = YES;
				CLANG_WARN__DUPLICATE_METHOD_MATCH = YES;
				COPY_PHASE_STRIP = NO;
				DEAD_CODE_STRIPPING = YES;
				DEBUG_INFORMATION_FORMAT = "dwarf-with-dsym";
				DEVELOPMENT_TEAM = KSUDAEZGD3;
				ENABLE_NS_ASSERTIONS = NO;
				ENABLE_STRICT_OBJC_MSGSEND = YES;
				ENABLE_USER_SCRIPT_SANDBOXING = YES;
				GCC_C_LANGUAGE_STANDARD = gnu11;
				GCC_NO_COMMON_BLOCKS = YES;
				GCC_WARN_64_TO_32_BIT_CONVERSION = YES;
				GCC_WARN_ABOUT_RETURN_TYPE = YES_ERROR;
				GCC_WARN_UNDECLARED_SELECTOR = YES;
				GCC_WARN_UNINITIALIZED_AUTOS = YES_AGGRESSIVE;
				GCC_WARN_UNUSED_FUNCTION = YES;
				GCC_WARN_UNUSED_VARIABLE = YES;
				MACOSX_DEPLOYMENT_TARGET = 12.1;
				MTL_ENABLE_DEBUG_INFO = NO;
				MTL_FAST_MATH = YES;
				SDKROOT = macosx;
				STRING_CATALOG_GENERATE_SYMBOLS = YES;
				SWIFT_COMPILATION_MODE = wholemodule;
				SWIFT_OPTIMIZATION_LEVEL = "-O";
			};
			name = Release;
		};
		DC62B83227AA353700F2F109 /* Debug */ = {
			isa = XCBuildConfiguration;
			buildSettings = {
				ASSETCATALOG_COMPILER_APPICON_NAME = AppIcon;
				ASSETCATALOG_COMPILER_GLOBAL_ACCENT_COLOR_NAME = AccentColor;
				ASSETCATALOG_COMPILER_INCLUDE_ALL_APPICON_ASSETS = YES;
				CODE_SIGN_ENTITLEMENTS = SystemBadge/SystemBadge.entitlements;
				CODE_SIGN_IDENTITY = "-";
				CODE_SIGN_STYLE = Automatic;
				COMBINE_HIDPI_IMAGES = YES;
				CURRENT_PROJECT_VERSION = 1;
				DEAD_CODE_STRIPPING = YES;
				DEVELOPMENT_ASSET_PATHS = "\"SystemBadge/Preview Content\"";
				ENABLE_APP_SANDBOX = YES;
				ENABLE_HARDENED_RUNTIME = YES;
				ENABLE_OUTGOING_NETWORK_CONNECTIONS = YES;
				ENABLE_PREVIEWS = YES;
				ENABLE_USER_SELECTED_FILES = readonly;
				GENERATE_INFOPLIST_FILE = YES;
				INFOPLIST_FILE = SystemBadge/Info.plist;
				INFOPLIST_KEY_LSApplicationCategoryType = "public.app-category.utilities";
				INFOPLIST_KEY_NSHumanReadableCopyright = "";
				LD_RUNPATH_SEARCH_PATHS = (
					"$(inherited)",
					"@executable_path/../Frameworks",
				);
				MACOSX_DEPLOYMENT_TARGET = 15.6;
				MARKETING_VERSION = 1.0;
				PRODUCT_BUNDLE_IDENTIFIER = com.michaudsolutions.SystemBadge;
				PRODUCT_NAME = "$(TARGET_NAME)";
				SWIFT_EMIT_LOC_STRINGS = YES;
				SWIFT_VERSION = 5.0;
			};
			name = Debug;
		};
		DC62B83327AA353700F2F109 /* Release */ = {
			isa = XCBuildConfiguration;
			buildSettings = {
				ASSETCATALOG_COMPILER_APPICON_NAME = AppIcon;
				ASSETCATALOG_COMPILER_GLOBAL_ACCENT_COLOR_NAME = AccentColor;
				ASSETCATALOG_COMPILER_INCLUDE_ALL_APPICON_ASSETS = YES;
				CODE_SIGN_ENTITLEMENTS = SystemBadge/SystemBadge.entitlements;
				CODE_SIGN_IDENTITY = "-";
				CODE_SIGN_STYLE = Automatic;
				COMBINE_HIDPI_IMAGES = YES;
				CURRENT_PROJECT_VERSION = 1;
				DEAD_CODE_STRIPPING = YES;
				DEVELOPMENT_ASSET_PATHS = "\"SystemBadge/Preview Content\"";
				ENABLE_APP_SANDBOX = YES;
				ENABLE_HARDENED_RUNTIME = YES;
				ENABLE_OUTGOING_NETWORK_CONNECTIONS = YES;
				ENABLE_PREVIEWS = YES;
				ENABLE_USER_SELECTED_FILES = readonly;
				GENERATE_INFOPLIST_FILE = YES;
				INFOPLIST_FILE = SystemBadge/Info.plist;
				INFOPLIST_KEY_LSApplicationCategoryType = "public.app-category.utilities";
				INFOPLIST_KEY_NSHumanReadableCopyright = "";
				LD_RUNPATH_SEARCH_PATHS = (
					"$(inherited)",
					"@executable_path/../Frameworks",
				);
				MACOSX_DEPLOYMENT_TARGET = 15.6;
				MARKETING_VERSION = 1.0;
				PRODUCT_BUNDLE_IDENTIFIER = com.michaudsolutions.SystemBadge;
				PRODUCT_NAME = "$(TARGET_NAME)";
				SWIFT_EMIT_LOC_STRINGS = YES;
				SWIFT_VERSION = 5.0;
			};
			name = Release;
		};
/* End XCBuildConfiguration section */

/* Begin XCConfigurationList section */
		DC62B81D27AA353400F2F109 /* Build configuration list for PBXProject "SystemBadge" */ = {
			isa = XCConfigurationList;
			buildConfigurations = (
				DC62B82F27AA353700F2F109 /* Debug */,
				DC62B83027AA353700F2F109 /* Release */,
			);
			defaultConfigurationIsVisible = 0;
			defaultConfigurationName = Release;
		};
		DC62B83127AA353700F2F109 /* Build configuration list for PBXNativeTarget "SystemBadge" */ = {
			isa = XCConfigurationList;
			buildConfigurations = (
				DC62B83227AA353700F2F109 /* Debug */,
				DC62B83327AA353700F2F109 /* Release */,
			);
			defaultConfigurationIsVisible = 0;
			defaultConfigurationName = Release;
		};
/* End XCConfigurationList section */
	};
	rootObject = DC62B81A27AA353400F2F109 /* Project object */;
}
